
Microsoft Visual Studio Solution File, Format Version 12.00
# Visual Studio Version 17
VisualStudioVersion = 17.5.002.0
MinimumVisualStudioVersion = 10.0.40219.1
Project("{9A19103F-16F7-4668-BE54-9A1E7A4F7556}") = "simple-dotnet-api", "simple-dotnet-api.csproj", "{60CD8D9F-E4F1-4DB7-B6E6-9DE92D9ACDE0}"
EndProject
Global
	GlobalSection(SolutionConfigurationPlatforms) = preSolution
		Debug|Any CPU = Debug|Any CPU
		Release|Any CPU = Release|Any CPU
	EndGlobalSection
	GlobalSection(ProjectConfigurationPlatforms) = postSolution
		{60CD8D9F-E4F1-4DB7-B6E6-9DE92D9ACDE0}.Debug|Any CPU.ActiveCfg = Debug|Any CPU
		{60CD8D9F-E4F1-4DB7-B6E6-9DE92D9ACDE0}.Debug|Any CPU.Build.0 = Debug|Any CPU
		{60CD8D9F-E4F1-4DB7-B6E6-9DE92D9ACDE0}.Release|Any CPU.ActiveCfg = Release|Any CPU
		{60CD8D9F-E4F1-4DB7-B6E6-9DE92D9ACDE0}.Release|Any CPU.Build.0 = Release|Any CPU
	EndGlobalSection
	GlobalSection(SolutionProperties) = preSolution
		HideSolutionNode = FALSE
	EndGlobalSection
	GlobalSection(ExtensibilityGlobals) = postSolution
		SolutionGuid = {830F334B-7203-4D37-9568-00F67BBF3A11}
	EndGlobalSection
EndGlobal
